
Microsoft Visual Studio Solution File, Format Version 12.00
# Visual Studio Version 16
VisualStudioVersion = 16.0.29911.84
MinimumVisualStudioVersion = 10.0.40219.1
Project("{F184B08F-C81C-45F6-A57F-5ABD9991F28F}") = "WebSocket_Test", "WebSocket_Test\WebSocket_Test.vbproj", "{641C2721-9884-495C-9CBE-EF8A80A8500D}"
EndProject
Project("{F184B08F-C81C-45F6-A57F-5ABD9991F28F}") = "WebSocket_CLient", "WebSocket_CLient\WebSocket_CLient.vbproj", "{D88BF2F3-D75D-424B-9532-22820A3F0FCD}"
EndProject
Global
	GlobalSection(SolutionConfigurationPlatforms) = preSolution
		Debug|Any CPU = Debug|Any CPU
		Release|Any CPU = Release|Any CPU
	EndGlobalSection
	GlobalSection(ProjectConfigurationPlatforms) = postSolution
		{641C2721-9884-495C-9CBE-EF8A80A8500D}.Debug|Any CPU.ActiveCfg = Debug|Any CPU
		{641C2721-9884-495C-9CBE-EF8A80A8500D}.Debug|Any CPU.Build.0 = Debug|Any CPU
		{641C2721-9884-495C-9CBE-EF8A80A8500D}.Release|Any CPU.ActiveCfg = Release|Any CPU
		{641C2721-9884-495C-9CBE-EF8A80A8500D}.Release|Any CPU.Build.0 = Release|Any CPU
		{D88BF2F3-D75D-424B-9532-22820A3F0FCD}.Debug|Any CPU.ActiveCfg = Debug|Any CPU
		{D88BF2F3-D75D-424B-9532-22820A3F0FCD}.Debug|Any CPU.Build.0 = Debug|Any CPU
		{D88BF2F3-D75D-424B-9532-22820A3F0FCD}.Release|Any CPU.ActiveCfg = Release|Any CPU
		{D88BF2F3-D75D-424B-9532-22820A3F0FCD}.Release|Any CPU.Build.0 = Release|Any CPU
	EndGlobalSection
	GlobalSection(SolutionProperties) = preSolution
		HideSolutionNode = FALSE
	EndGlobalSection
	GlobalSection(ExtensibilityGlobals) = postSolution
		SolutionGuid = {1D0FD9FC-06F7-4EC6-BAF2-B315776991D3}
	EndGlobalSection
EndGlobal
